
Microsoft Visual Studio Solution File, Format Version 12.00
# Visual Studio Version 17
VisualStudioVersion = 17.11.35312.102
MinimumVisualStudioVersion = 10.0.40219.1
Project("{9A19103F-16F7-4668-BE54-9A1E7A4F7556}") = "DSnAlogrithm", "DSnAlogrithm\DSnAlogrithm.csproj", "{705CB2ED-65FB-4BEC-9538-40499AA75139}"
EndProject
Project("{9A19103F-16F7-4668-BE54-9A1E7A4F7556}") = "Intervals", "Intervals\Intervals.csproj", "{2ADD2231-85DB-4E0C-8BD2-E745287BE386}"
EndProject
Project("{9A19103F-16F7-4668-BE54-9A1E7A4F7556}") = "BinarySearch", "BinarySearch\BinarySearch.csproj", "{CE9C2886-FDA8-4334-AA98-B0F0040CCD9E}"
EndProject
Project("{9A19103F-16F7-4668-BE54-9A1E7A4F7556}") = "LinkedLists", "LinkedLists\LinkedLists.csproj", "{C2748978-05A4-4C26-B60F-C1F28E0E09B3}"
EndProject
Project("{9A19103F-16F7-4668-BE54-9A1E7A4F7556}") = "SlidingWindow", "SlidingWindow\SlidingWindow.csproj", "{95EB7D58-34AD-40EB-AD9E-032E76E06624}"
EndProject
Project("{9A19103F-16F7-4668-BE54-9A1E7A4F7556}") = "DynamicProgramming", "DynamicProgramming\DynamicProgramming.csproj", "{B0373CEA-0D0C-4207-8C47-8A221159676C}"
EndProject
Project("{9A19103F-16F7-4668-BE54-9A1E7A4F7556}") = "Trees", "Trees\Trees.csproj", "{EB8D3EF0-43E3-4580-819B-A6597285E564}"
EndProject
Project("{9A19103F-16F7-4668-BE54-9A1E7A4F7556}") = "Graphs", "Graphs\Graphs.csproj", "{CD3A068B-1A8A-44F6-A1EE-A664B83804DD}"
EndProject
Project("{FAE04EC0-301F-11D3-BF4B-00C04F79EFBC}") = "Greedy", "Greedy\Greedy.csproj", "{9B55C431-A318-4451-8912-4B8E12F3BD7D}"
EndProject
Global
	GlobalSection(SolutionConfigurationPlatforms) = preSolution
		Debug|Any CPU = Debug|Any CPU
		Release|Any CPU = Release|Any CPU
	EndGlobalSection
	GlobalSection(ProjectConfigurationPlatforms) = postSolution
		{705CB2ED-65FB-4BEC-9538-40499AA75139}.Debug|Any CPU.ActiveCfg = Debug|Any CPU
		{705CB2ED-65FB-4BEC-9538-40499AA75139}.Debug|Any CPU.Build.0 = Debug|Any CPU
		{705CB2ED-65FB-4BEC-9538-40499AA75139}.Release|Any CPU.ActiveCfg = Release|Any CPU
		{705CB2ED-65FB-4BEC-9538-40499AA75139}.Release|Any CPU.Build.0 = Release|Any CPU
		{2ADD2231-85DB-4E0C-8BD2-E745287BE386}.Debug|Any CPU.ActiveCfg = Debug|Any CPU
		{2ADD2231-85DB-4E0C-8BD2-E745287BE386}.Debug|Any CPU.Build.0 = Debug|Any CPU
		{2ADD2231-85DB-4E0C-8BD2-E745287BE386}.Release|Any CPU.ActiveCfg = Release|Any CPU
		{2ADD2231-85DB-4E0C-8BD2-E745287BE386}.Release|Any CPU.Build.0 = Release|Any CPU
		{CE9C2886-FDA8-4334-AA98-B0F0040CCD9E}.Debug|Any CPU.ActiveCfg = Debug|Any CPU
		{CE9C2886-FDA8-4334-AA98-B0F0040CCD9E}.Debug|Any CPU.Build.0 = Debug|Any CPU
		{CE9C2886-FDA8-4334-AA98-B0F0040CCD9E}.Release|Any CPU.ActiveCfg = Release|Any CPU
		{CE9C2886-FDA8-4334-AA98-B0F0040CCD9E}.Release|Any CPU.Build.0 = Release|Any CPU
		{C2748978-05A4-4C26-B60F-C1F28E0E09B3}.Debug|Any CPU.ActiveCfg = Debug|Any CPU
		{C2748978-05A4-4C26-B60F-C1F28E0E09B3}.Debug|Any CPU.Build.0 = Debug|Any CPU
		{C2748978-05A4-4C26-B60F-C1F28E0E09B3}.Release|Any CPU.ActiveCfg = Release|Any CPU
		{C2748978-05A4-4C26-B60F-C1F28E0E09B3}.Release|Any CPU.Build.0 = Release|Any CPU
		{95EB7D58-34AD-40EB-AD9E-032E76E06624}.Debug|Any CPU.ActiveCfg = Debug|Any CPU
		{95EB7D58-34AD-40EB-AD9E-032E76E06624}.Debug|Any CPU.Build.0 = Debug|Any CPU
		{95EB7D58-34AD-40EB-AD9E-032E76E06624}.Release|Any CPU.ActiveCfg = Release|Any CPU
		{95EB7D58-34AD-40EB-AD9E-032E76E06624}.Release|Any CPU.Build.0 = Release|Any CPU
		{B0373CEA-0D0C-4207-8C47-8A221159676C}.Debug|Any CPU.ActiveCfg = Debug|Any CPU
		{B0373CEA-0D0C-4207-8C47-8A221159676C}.Debug|Any CPU.Build.0 = Debug|Any CPU
		{B0373CEA-0D0C-4207-8C47-8A221159676C}.Release|Any CPU.ActiveCfg = Release|Any CPU
		{B0373CEA-0D0C-4207-8C47-8A221159676C}.Release|Any CPU.Build.0 = Release|Any CPU
		{EB8D3EF0-43E3-4580-819B-A6597285E564}.Debug|Any CPU.ActiveCfg = Debug|Any CPU
		{EB8D3EF0-43E3-4580-819B-A6597285E564}.Debug|Any CPU.Build.0 = Debug|Any CPU
		{EB8D3EF0-43E3-4580-819B-A6597285E564}.Release|Any CPU.ActiveCfg = Release|Any CPU
		{EB8D3EF0-43E3-4580-819B-A6597285E564}.Release|Any CPU.Build.0 = Release|Any CPU
		{CD3A068B-1A8A-44F6-A1EE-A664B83804DD}.Debug|Any CPU.ActiveCfg = Debug|Any CPU
		{CD3A068B-1A8A-44F6-A1EE-A664B83804DD}.Debug|Any CPU.Build.0 = Debug|Any CPU
		{CD3A068B-1A8A-44F6-A1EE-A664B83804DD}.Release|Any CPU.ActiveCfg = Release|Any CPU
		{CD3A068B-1A8A-44F6-A1EE-A664B83804DD}.Release|Any CPU.Build.0 = Release|Any CPU
		{9B55C431-A318-4451-8912-4B8E12F3BD7D}.Debug|Any CPU.ActiveCfg = Debug|Any CPU
		{9B55C431-A318-4451-8912-4B8E12F3BD7D}.Debug|Any CPU.Build.0 = Debug|Any CPU
		{9B55C431-A318-4451-8912-4B8E12F3BD7D}.Release|Any CPU.ActiveCfg = Release|Any CPU
		{9B55C431-A318-4451-8912-4B8E12F3BD7D}.Release|Any CPU.Build.0 = Release|Any CPU
	EndGlobalSection
	GlobalSection(SolutionProperties) = preSolution
		HideSolutionNode = FALSE
	EndGlobalSection
	GlobalSection(ExtensibilityGlobals) = postSolution
		SolutionGuid = {1096EF3A-F675-4071-BA79-37D227EBCAF4}
	EndGlobalSection
EndGlobal
